{
  "pins" : [
    {
      "identity" : "lista",
      "kind" : "remoteSourceControl",
      "location" : "https://github.com/ptsochantaris/lista",
      "state" : {
        "branch" : "main",
        "revision" : "7d6cf8bd6aea70c08a077083474ef94bfd1e1d57"
      }
    },
    {
      "identity" : "semalot",
      "kind" : "remoteSourceControl",
      "location" : "https://github.com/ptsochantaris/semalot",
      "state" : {
        "branch" : "main",
        "revision" : "afd667b48a54772d59fa6ddd4038d887bb452b48"
      }
    },
    {
      "identity" : "trailer-json",
      "kind" : "remoteSourceControl",
      "location" : "https://github.com/ptsochantaris/trailer-json",
      "state" : {
        "branch" : "main",
        "revision" : "1116bab1a6886e565727b914a904b86332124230"
      }
    },
    {
      "identity" : "trailer-ql",
      "kind" : "remoteSourceControl",
      "location" : "https://github.com/ptsochantaris/trailer-ql",
      "state" : {
        "branch" : "main",
        "revision" : "6acee1a0e6101fa0ff9e46ac6ab56f24cbb1c225"
      }
    }
  ],
  "version" : 2
}
