{
  "originHash" : "9fe45cd2ad3e441daf683e6f8b4706e24a5e8f60466d542c8195939136e42b69",
  "pins" : [
    {
      "identity" : "lista",
      "kind" : "remoteSourceControl",
      "location" : "https://github.com/ptsochantaris/lista",
      "state" : {
        "branch" : "main",
        "revision" : "c11f05c3ba6c56c1eecb09663815408d3b11771a"
      }
    },
    {
      "identity" : "semalot",
      "kind" : "remoteSourceControl",
      "location" : "https://github.com/ptsochantaris/semalot",
      "state" : {
        "branch" : "main",
        "revision" : "1073882d28e2c4f51233d74ab485513161762d60"
      }
    },
    {
      "identity" : "trailer-json",
      "kind" : "remoteSourceControl",
      "location" : "https://github.com/ptsochantaris/trailer-json",
      "state" : {
        "branch" : "main",
        "revision" : "87c0f9442759f561cbb1dbdc2abc9d095a946159"
      }
    },
    {
      "identity" : "trailer-ql",
      "kind" : "remoteSourceControl",
      "location" : "https://github.com/ptsochantaris/trailer-ql",
      "state" : {
        "branch" : "main",
        "revision" : "a6ad7e6f55210e4069ce7da14e8cdc1cf972e44a"
      }
    }
  ],
  "version" : 3
}
