{
  "pins" : [
    {
      "identity" : "lista",
      "kind" : "remoteSourceControl",
      "location" : "https://github.com/ptsochantaris/lista",
      "state" : {
        "branch" : "main",
        "revision" : "7d6cf8bd6aea70c08a077083474ef94bfd1e1d57"
      }
    },
    {
      "identity" : "semalot",
      "kind" : "remoteSourceControl",
      "location" : "https://github.com/ptsochantaris/semalot",
      "state" : {
        "branch" : "main",
        "revision" : "0ae24abfce7152cda9ef2e15eea6ca5516700eee"
      }
    },
    {
      "identity" : "trailer-json",
      "kind" : "remoteSourceControl",
      "location" : "https://github.com/ptsochantaris/trailer-json",
      "state" : {
        "branch" : "main",
        "revision" : "d74d6c1b7a6d59546602a8262a6cdb522dede11a"
      }
    },
    {
      "identity" : "trailer-ql",
      "kind" : "remoteSourceControl",
      "location" : "https://github.com/ptsochantaris/trailer-ql",
      "state" : {
        "branch" : "main",
        "revision" : "000637fccc2743d69915b8e67e1426a756ba0846"
      }
    }
  ],
  "version" : 2
}
